
Microsoft Visual Studio Solution File, Format Version 12.00
# Visual Studio Version 17
VisualStudioVersion = 17.5.002.0
MinimumVisualStudioVersion = 10.0.40219.1
Project("{9A19103F-16F7-4668-BE54-9A1E7A4F7556}") = "compund", "compund.csproj", "{89A54D92-AE1B-43DB-A40F-E48DB6AC5BEA}"
EndProject
Global
	GlobalSection(SolutionConfigurationPlatforms) = preSolution
		Debug|Any CPU = Debug|Any CPU
		Release|Any CPU = Release|Any CPU
	EndGlobalSection
	GlobalSection(ProjectConfigurationPlatforms) = postSolution
		{89A54D92-AE1B-43DB-A40F-E48DB6AC5BEA}.Debug|Any CPU.ActiveCfg = Debug|Any CPU
		{89A54D92-AE1B-43DB-A40F-E48DB6AC5BEA}.Debug|Any CPU.Build.0 = Debug|Any CPU
		{89A54D92-AE1B-43DB-A40F-E48DB6AC5BEA}.Release|Any CPU.ActiveCfg = Release|Any CPU
		{89A54D92-AE1B-43DB-A40F-E48DB6AC5BEA}.Release|Any CPU.Build.0 = Release|Any CPU
	EndGlobalSection
	GlobalSection(SolutionProperties) = preSolution
		HideSolutionNode = FALSE
	EndGlobalSection
	GlobalSection(ExtensibilityGlobals) = postSolution
		SolutionGuid = {46EA2D0D-C769-44FE-8FFA-80BC6C0476D8}
	EndGlobalSection
EndGlobal
